
Microsoft Visual Studio Solution File, Format Version 12.00
# Visual Studio 15
Project("{FAE04EC0-301F-11D3-BF4B-00C04F79EFBC}") = "Assembly-CSharp", "Assembly-CSharp.csproj", "{6421F531-B129-9CF3-49CC-4587DEA392DB}"
EndProject
Project("{FAE04EC0-301F-11D3-BF4B-00C04F79EFBC}") = "Assembly-CSharp-Editor", "Assembly-CSharp-Editor.csproj", "{48F517CF-56CA-3020-ADEB-5A0769E3121C}"
EndProject
Global
	GlobalSection(SolutionConfigurationPlatforms) = preSolution
		Debug|Any CPU = Debug|Any CPU
		Release|Any CPU = Release|Any CPU
	EndGlobalSection
	GlobalSection(ProjectConfigurationPlatforms) = postSolution
		{6421F531-B129-9CF3-49CC-4587DEA392DB}.Debug|Any CPU.ActiveCfg = Debug|Any CPU
		{6421F531-B129-9CF3-49CC-4587DEA392DB}.Debug|Any CPU.Build.0 = Debug|Any CPU
		{6421F531-B129-9CF3-49CC-4587DEA392DB}.Release|Any CPU.ActiveCfg = Release|Any CPU
		{6421F531-B129-9CF3-49CC-4587DEA392DB}.Release|Any CPU.Build.0 = Release|Any CPU
		{48F517CF-56CA-3020-ADEB-5A0769E3121C}.Debug|Any CPU.ActiveCfg = Debug|Any CPU
		{48F517CF-56CA-3020-ADEB-5A0769E3121C}.Debug|Any CPU.Build.0 = Debug|Any CPU
		{48F517CF-56CA-3020-ADEB-5A0769E3121C}.Release|Any CPU.ActiveCfg = Release|Any CPU
		{48F517CF-56CA-3020-ADEB-5A0769E3121C}.Release|Any CPU.Build.0 = Release|Any CPU
	EndGlobalSection
	GlobalSection(SolutionProperties) = preSolution
		HideSolutionNode = FALSE
	EndGlobalSection
EndGlobal
